
Microsoft Visual Studio Solution File, Format Version 12.00
# Visual Studio Version 17
VisualStudioVersion = 17.11.35222.181
MinimumVisualStudioVersion = 10.0.40219.1
Project("{FAE04EC0-301F-11D3-BF4B-00C04F79EFBC}") = "AutoBedrijf", "AutoBedrijf\AutoBedrijf.csproj", "{F2E88896-9191-4CAF-9EB4-699ADEA59A96}"
EndProject
Global
	GlobalSection(SolutionConfigurationPlatforms) = preSolution
		Debug|Any CPU = Debug|Any CPU
		Release|Any CPU = Release|Any CPU
	EndGlobalSection
	GlobalSection(ProjectConfigurationPlatforms) = postSolution
		{F2E88896-9191-4CAF-9EB4-699ADEA59A96}.Debug|Any CPU.ActiveCfg = Debug|Any CPU
		{F2E88896-9191-4CAF-9EB4-699ADEA59A96}.Debug|Any CPU.Build.0 = Debug|Any CPU
		{F2E88896-9191-4CAF-9EB4-699ADEA59A96}.Release|Any CPU.ActiveCfg = Release|Any CPU
		{F2E88896-9191-4CAF-9EB4-699ADEA59A96}.Release|Any CPU.Build.0 = Release|Any CPU
	EndGlobalSection
	GlobalSection(SolutionProperties) = preSolution
		HideSolutionNode = FALSE
	EndGlobalSection
	GlobalSection(ExtensibilityGlobals) = postSolution
		SolutionGuid = {4EBFE7F1-7277-43A5-BC79-1C7A903CA9E7}
	EndGlobalSection
EndGlobal
